
Microsoft Visual Studio Solution File, Format Version 11.00
# Visual Studio 2010
Project("{8BC9CEB8-8B4A-11D0-8D11-00A0C91BC942}") = "7", "7\7.vcxproj", "{1E17FC13-A358-4F2B-9906-E407945384B9}"
EndProject
Project("{2150E333-8FDC-42A3-9474-1A3956D46DE8}") = "Solution Items", "Solution Items", "{E47212DD-CA58-49C3-91AB-295518777377}"
	ProjectSection(SolutionItems) = preProject
		README.md = README.md
	EndProjectSection
EndProject
Project("{8BC9CEB8-8B4A-11D0-8D11-00A0C91BC942}") = "7.10", "7.10\7.10.vcxproj", "{B1DA956B-4162-4726-A67F-AE09C69EC612}"
EndProject
Project("{8BC9CEB8-8B4A-11D0-8D11-00A0C91BC942}") = "7.11", "7.11\7.11.vcxproj", "{97AABE3B-6233-4FFC-948C-E131DE912A2D}"
EndProject
Project("{8BC9CEB8-8B4A-11D0-8D11-00A0C91BC942}") = "7.14", "7.14\7.14.vcxproj", "{B44031E3-85DA-463B-AA43-7CCF228DCDCE}"
EndProject
Project("{8BC9CEB8-8B4A-11D0-8D11-00A0C91BC942}") = "8.16", "8.16\8.16.vcxproj", "{F4A971CC-A210-45A5-A1D7-445B2E8AE634}"
EndProject
Project("{8BC9CEB8-8B4A-11D0-8D11-00A0C91BC942}") = "9.8", "9.8\9.8.vcxproj", "{4DFC26CA-7CE6-4B84-A89B-9FEF0871FF26}"
EndProject
Global
	GlobalSection(SolutionConfigurationPlatforms) = preSolution
		Debug|Win32 = Debug|Win32
		Release|Win32 = Release|Win32
	EndGlobalSection
	GlobalSection(ProjectConfigurationPlatforms) = postSolution
		{1E17FC13-A358-4F2B-9906-E407945384B9}.Debug|Win32.ActiveCfg = Debug|Win32
		{1E17FC13-A358-4F2B-9906-E407945384B9}.Debug|Win32.Build.0 = Debug|Win32
		{1E17FC13-A358-4F2B-9906-E407945384B9}.Release|Win32.ActiveCfg = Release|Win32
		{1E17FC13-A358-4F2B-9906-E407945384B9}.Release|Win32.Build.0 = Release|Win32
		{B1DA956B-4162-4726-A67F-AE09C69EC612}.Debug|Win32.ActiveCfg = Debug|Win32
		{B1DA956B-4162-4726-A67F-AE09C69EC612}.Debug|Win32.Build.0 = Debug|Win32
		{B1DA956B-4162-4726-A67F-AE09C69EC612}.Release|Win32.ActiveCfg = Release|Win32
		{B1DA956B-4162-4726-A67F-AE09C69EC612}.Release|Win32.Build.0 = Release|Win32
		{97AABE3B-6233-4FFC-948C-E131DE912A2D}.Debug|Win32.ActiveCfg = Debug|Win32
		{97AABE3B-6233-4FFC-948C-E131DE912A2D}.Debug|Win32.Build.0 = Debug|Win32
		{97AABE3B-6233-4FFC-948C-E131DE912A2D}.Release|Win32.ActiveCfg = Release|Win32
		{97AABE3B-6233-4FFC-948C-E131DE912A2D}.Release|Win32.Build.0 = Release|Win32
		{B44031E3-85DA-463B-AA43-7CCF228DCDCE}.Debug|Win32.ActiveCfg = Debug|Win32
		{B44031E3-85DA-463B-AA43-7CCF228DCDCE}.Debug|Win32.Build.0 = Debug|Win32
		{B44031E3-85DA-463B-AA43-7CCF228DCDCE}.Release|Win32.ActiveCfg = Release|Win32
		{B44031E3-85DA-463B-AA43-7CCF228DCDCE}.Release|Win32.Build.0 = Release|Win32
		{F4A971CC-A210-45A5-A1D7-445B2E8AE634}.Debug|Win32.ActiveCfg = Debug|Win32
		{F4A971CC-A210-45A5-A1D7-445B2E8AE634}.Debug|Win32.Build.0 = Debug|Win32
		{F4A971CC-A210-45A5-A1D7-445B2E8AE634}.Release|Win32.ActiveCfg = Release|Win32
		{F4A971CC-A210-45A5-A1D7-445B2E8AE634}.Release|Win32.Build.0 = Release|Win32
		{4DFC26CA-7CE6-4B84-A89B-9FEF0871FF26}.Debug|Win32.ActiveCfg = Debug|Win32
		{4DFC26CA-7CE6-4B84-A89B-9FEF0871FF26}.Debug|Win32.Build.0 = Debug|Win32
		{4DFC26CA-7CE6-4B84-A89B-9FEF0871FF26}.Release|Win32.ActiveCfg = Release|Win32
		{4DFC26CA-7CE6-4B84-A89B-9FEF0871FF26}.Release|Win32.Build.0 = Release|Win32
	EndGlobalSection
	GlobalSection(SolutionProperties) = preSolution
		HideSolutionNode = FALSE
	EndGlobalSection
EndGlobal
